
Microsoft Visual Studio Solution File, Format Version 12.00
# Visual Studio Version 17
VisualStudioVersion = 17.14.36705.20 d17.14
MinimumVisualStudioVersion = 10.0.40219.1
Project("{FAE04EC0-301F-11D3-BF4B-00C04F79EFBC}") = "ISRPOPraktik1", "ISRPOPraktik1\ISRPOPraktik1.csproj", "{341BEBD4-65B5-431C-87C3-DD2157FE0C4F}"
EndProject
Global
	GlobalSection(SolutionConfigurationPlatforms) = preSolution
		Debug|Any CPU = Debug|Any CPU
		Release|Any CPU = Release|Any CPU
	EndGlobalSection
	GlobalSection(ProjectConfigurationPlatforms) = postSolution
		{341BEBD4-65B5-431C-87C3-DD2157FE0C4F}.Debug|Any CPU.ActiveCfg = Debug|Any CPU
		{341BEBD4-65B5-431C-87C3-DD2157FE0C4F}.Debug|Any CPU.Build.0 = Debug|Any CPU
		{341BEBD4-65B5-431C-87C3-DD2157FE0C4F}.Release|Any CPU.ActiveCfg = Release|Any CPU
		{341BEBD4-65B5-431C-87C3-DD2157FE0C4F}.Release|Any CPU.Build.0 = Release|Any CPU
	EndGlobalSection
	GlobalSection(SolutionProperties) = preSolution
		HideSolutionNode = FALSE
	EndGlobalSection
	GlobalSection(ExtensibilityGlobals) = postSolution
		SolutionGuid = {067C6B04-38EE-47BB-8606-661FDE2599FF}
	EndGlobalSection
EndGlobal
